
Microsoft Visual Studio Solution File, Format Version 12.00
# Visual Studio Version 17
VisualStudioVersion = 17.6.33723.286
MinimumVisualStudioVersion = 10.0.40219.1
Project("{8BC9CEB8-8B4A-11D0-8D11-00A0C91BC942}") = "ClawTrainer", "ClawTrainer\ClawTrainer.vcxproj", "{F2181D88-9B5B-4646-9A44-B4BA00464802}"
EndProject
Global
	GlobalSection(SolutionConfigurationPlatforms) = preSolution
		Debug|x64 = Debug|x64
		Debug|x86 = Debug|x86
		Release|x64 = Release|x64
		Release|x86 = Release|x86
	EndGlobalSection
	GlobalSection(ProjectConfigurationPlatforms) = postSolution
		{F2181D88-9B5B-4646-9A44-B4BA00464802}.Debug|x64.ActiveCfg = Debug|x64
		{F2181D88-9B5B-4646-9A44-B4BA00464802}.Debug|x64.Build.0 = Debug|x64
		{F2181D88-9B5B-4646-9A44-B4BA00464802}.Debug|x86.ActiveCfg = Debug|Win32
		{F2181D88-9B5B-4646-9A44-B4BA00464802}.Debug|x86.Build.0 = Debug|Win32
		{F2181D88-9B5B-4646-9A44-B4BA00464802}.Release|x64.ActiveCfg = Release|x64
		{F2181D88-9B5B-4646-9A44-B4BA00464802}.Release|x64.Build.0 = Release|x64
		{F2181D88-9B5B-4646-9A44-B4BA00464802}.Release|x86.ActiveCfg = Release|Win32
		{F2181D88-9B5B-4646-9A44-B4BA00464802}.Release|x86.Build.0 = Release|Win32
	EndGlobalSection
	GlobalSection(SolutionProperties) = preSolution
		HideSolutionNode = FALSE
	EndGlobalSection
	GlobalSection(ExtensibilityGlobals) = postSolution
		SolutionGuid = {50525454-66A1-4DCF-8606-B252F8EEAE69}
	EndGlobalSection
EndGlobal
